
Microsoft Visual Studio Solution File, Format Version 11.00
# Visual Studio 2010
Project("{FAE04EC0-301F-11D3-BF4B-00C04F79EFBC}") = "procbubblemaze", "Assembly-CSharp-firstpass.csproj", "{A8C335EA-FA6B-38DE-22A1-B99066FB2001}"
EndProject
Project("{FAE04EC0-301F-11D3-BF4B-00C04F79EFBC}") = "procbubblemaze", "Assembly-CSharp.csproj", "{3E30126F-8F8A-A65C-ECC9-20AF07878766}"
EndProject
Global
	GlobalSection(SolutionConfigurationPlatforms) = preSolution
		Debug|Any CPU = Debug|Any CPU
		Release|Any CPU = Release|Any CPU
	EndGlobalSection
	GlobalSection(ProjectConfigurationPlatforms) = postSolution
		{A8C335EA-FA6B-38DE-22A1-B99066FB2001}.Debug|Any CPU.ActiveCfg = Debug|Any CPU
		{A8C335EA-FA6B-38DE-22A1-B99066FB2001}.Debug|Any CPU.Build.0 = Debug|Any CPU
		{A8C335EA-FA6B-38DE-22A1-B99066FB2001}.Release|Any CPU.ActiveCfg = Release|Any CPU
		{A8C335EA-FA6B-38DE-22A1-B99066FB2001}.Release|Any CPU.Build.0 = Release|Any CPU
		{3E30126F-8F8A-A65C-ECC9-20AF07878766}.Debug|Any CPU.ActiveCfg = Debug|Any CPU
		{3E30126F-8F8A-A65C-ECC9-20AF07878766}.Debug|Any CPU.Build.0 = Debug|Any CPU
		{3E30126F-8F8A-A65C-ECC9-20AF07878766}.Release|Any CPU.ActiveCfg = Release|Any CPU
		{3E30126F-8F8A-A65C-ECC9-20AF07878766}.Release|Any CPU.Build.0 = Release|Any CPU
	EndGlobalSection
	GlobalSection(SolutionProperties) = preSolution
		HideSolutionNode = FALSE
	EndGlobalSection
	GlobalSection(MonoDevelopProperties) = preSolution
		StartupItem = Assembly-CSharp.csproj
	EndGlobalSection
EndGlobal
